
Microsoft Visual Studio Solution File, Format Version 12.00
# Visual Studio Version 16
VisualStudioVersion = 16.0.31410.357
MinimumVisualStudioVersion = 10.0.40219.1
Project("{9A19103F-16F7-4668-BE54-9A1E7A4F7556}") = "ProxyAPI", "ProxyAPI\ProxyAPI.csproj", "{28DCD168-B8DD-42CA-849B-8220BCB72AE8}"
EndProject
Project("{9A19103F-16F7-4668-BE54-9A1E7A4F7556}") = "MagicConsumer", "..\MagicConsumer\MagicConsumer\MagicConsumer.csproj", "{88A47C6E-DBD1-4C3F-BB07-59DD9037EDA4}"
EndProject
Global
	GlobalSection(SolutionConfigurationPlatforms) = preSolution
		Debug|Any CPU = Debug|Any CPU
		Debug|x64 = Debug|x64
		Release|Any CPU = Release|Any CPU
		Release|x64 = Release|x64
	EndGlobalSection
	GlobalSection(ProjectConfigurationPlatforms) = postSolution
		{28DCD168-B8DD-42CA-849B-8220BCB72AE8}.Debug|Any CPU.ActiveCfg = Debug|Any CPU
		{28DCD168-B8DD-42CA-849B-8220BCB72AE8}.Debug|Any CPU.Build.0 = Debug|Any CPU
		{28DCD168-B8DD-42CA-849B-8220BCB72AE8}.Debug|x64.ActiveCfg = Debug|x64
		{28DCD168-B8DD-42CA-849B-8220BCB72AE8}.Debug|x64.Build.0 = Debug|x64
		{28DCD168-B8DD-42CA-849B-8220BCB72AE8}.Release|Any CPU.ActiveCfg = Release|Any CPU
		{28DCD168-B8DD-42CA-849B-8220BCB72AE8}.Release|Any CPU.Build.0 = Release|Any CPU
		{28DCD168-B8DD-42CA-849B-8220BCB72AE8}.Release|x64.ActiveCfg = Release|x64
		{28DCD168-B8DD-42CA-849B-8220BCB72AE8}.Release|x64.Build.0 = Release|x64
		{88A47C6E-DBD1-4C3F-BB07-59DD9037EDA4}.Debug|Any CPU.ActiveCfg = Debug|Any CPU
		{88A47C6E-DBD1-4C3F-BB07-59DD9037EDA4}.Debug|Any CPU.Build.0 = Debug|Any CPU
		{88A47C6E-DBD1-4C3F-BB07-59DD9037EDA4}.Debug|x64.ActiveCfg = Debug|x64
		{88A47C6E-DBD1-4C3F-BB07-59DD9037EDA4}.Debug|x64.Build.0 = Debug|x64
		{88A47C6E-DBD1-4C3F-BB07-59DD9037EDA4}.Release|Any CPU.ActiveCfg = Release|Any CPU
		{88A47C6E-DBD1-4C3F-BB07-59DD9037EDA4}.Release|Any CPU.Build.0 = Release|Any CPU
		{88A47C6E-DBD1-4C3F-BB07-59DD9037EDA4}.Release|x64.ActiveCfg = Release|x64
		{88A47C6E-DBD1-4C3F-BB07-59DD9037EDA4}.Release|x64.Build.0 = Release|x64
	EndGlobalSection
	GlobalSection(SolutionProperties) = preSolution
		HideSolutionNode = FALSE
	EndGlobalSection
	GlobalSection(ExtensibilityGlobals) = postSolution
		SolutionGuid = {84D49590-BD9B-45B1-B5AC-356621AF9674}
	EndGlobalSection
EndGlobal
